[[package]]
name = "aws-xray-sdk"
version = "2.6.0"
description = "The AWS X-Ray SDK for Python (the SDK) enables Python developers to record and emit information from within their applications to the AWS X-Ray service."
category = "main"
optional = false
python-versions = "*"

[package.dependencies]
botocore = ">=1.11.3"
enum34 = {version = "*", markers = "python_version < \"3.4\""}
future = "*"
jsonpickle = "*"
wrapt = "*"

[[package]]
name = "boto3"
version = "1.16.39"
description = "The AWS SDK for Python"
category = "dev"
optional = false
python-versions = "*"

[package.dependencies]
botocore = ">=1.19.39,<1.20.0"
jmespath = ">=0.7.1,<1.0.0"
s3transfer = ">=0.3.0,<0.4.0"

[[package]]
name = "botocore"
version = "1.19.39"
description = "Low-level, data-driven core of boto 3."
category = "main"
optional = false
python-versions = "*"

[package.dependencies]
jmespath = ">=0.7.1,<1.0.0"
python-dateutil = ">=2.1,<3.0.0"
urllib3 = {version = ">=1.25.4,<1.27", markers = "python_version != \"3.4\""}

[[package]]
name = "certifi"
version = "2020.12.5"
description = "Python package for providing Mozilla's CA Bundle."
category = "main"
optional = false
python-versions = "*"

[[package]]
name = "chardet"
version = "4.0.0"
description = "Universal encoding detector for Python 2 and 3"
category = "main"
optional = false
python-versions = ">=2.7, !=3.0.*, !=3.1.*, !=3.2.*, !=3.3.*, !=3.4.*"

[[package]]
name = "configparser"
version = "4.0.2"
description = "Updated configparser from Python 3.7 for Python 2.6+."
category = "main"
optional = false
python-versions = ">=2.6"

[package.extras]
docs = ["sphinx", "jaraco.packaging (>=3.2)", "rst.linker (>=1.9)"]
testing = ["pytest (>=3.5,!=3.7.3)", "pytest-checkdocs (>=1.2)", "pytest-flake8", "pytest-black-multipy"]

[[package]]
name = "contextlib2"
version = "0.6.0.post1"
description = "Backports and enhancements for the contextlib module"
category = "main"
optional = false
python-versions = ">=2.7, !=3.0.*, !=3.1.*, !=3.2.*, !=3.3.*"

[[package]]
name = "coverage"
version = "5.3"
description = "Code coverage measurement for Python"
category = "dev"
optional = false
python-versions = ">=2.7, !=3.0.*, !=3.1.*, !=3.2.*, !=3.3.*, !=3.4.*, <4"

[package.extras]
toml = ["toml"]

[[package]]
name = "datadog"
version = "0.39.0"
description = "The Datadog Python library"
category = "main"
optional = false
python-versions = "*"

[package.dependencies]
configparser = {version = "<5", markers = "python_version < \"3.0\""}
decorator = ">=3.3.2"
requests = ">=2.6.0"
typing = {version = "*", markers = "python_version < \"3.5\""}

[[package]]
name = "ddtrace"
version = "0.44.0"
description = "Datadog tracing code"
category = "main"
optional = false
python-versions = ">=2.7, !=3.0.*, !=3.1.*, !=3.2.*, !=3.3.*, !=3.4.*"

[package.dependencies]
enum34 = {version = "*", markers = "python_version < \"3.4\""}
funcsigs = {version = ">=1.0.0", markers = "python_version == \"2.7\""}
intervaltree = "*"
protobuf = ">=3"
tenacity = ">=5"

[package.extras]
opentracing = ["opentracing (>=2.0.0)"]

[[package]]
name = "decorator"
version = "4.4.2"
description = "Decorators for Humans"
category = "main"
optional = false
python-versions = ">=2.6, !=3.0.*, !=3.1.*"

[[package]]
name = "enum34"
version = "1.1.10"
description = "Python 3.4 Enum backported to 3.3, 3.2, 3.1, 2.7, 2.6, 2.5, and 2.4"
category = "main"
optional = false
python-versions = "*"

[[package]]
name = "flake8"
version = "3.8.4"
description = "the modular source code checker: pep8 pyflakes and co"
category = "dev"
optional = false
python-versions = "!=3.0.*,!=3.1.*,!=3.2.*,!=3.3.*,>=2.7"

[package.dependencies]
configparser = {version = "*", markers = "python_version < \"3.2\""}
enum34 = {version = "*", markers = "python_version < \"3.4\""}
functools32 = {version = "*", markers = "python_version < \"3.2\""}
importlib-metadata = {version = "*", markers = "python_version < \"3.8\""}
mccabe = ">=0.6.0,<0.7.0"
pycodestyle = ">=2.6.0a1,<2.7.0"
pyflakes = ">=2.2.0,<2.3.0"
typing = {version = "*", markers = "python_version < \"3.5\""}

[[package]]
name = "funcsigs"
version = "1.0.2"
description = "Python function signatures from PEP362 for Python 2.6, 2.7 and 3.2+"
category = "main"
optional = false
python-versions = "*"

[[package]]
name = "functools32"
version = "3.2.3-2"
description = "Backport of the functools module from Python 3.2.3 for use on 2.7 and PyPy."
category = "dev"
optional = false
python-versions = "*"

[[package]]
name = "future"
version = "0.18.2"
description = "Clean single-source support for Python 3 and 2"
category = "main"
optional = false
python-versions = ">=2.6, !=3.0.*, !=3.1.*, !=3.2.*"

[[package]]
name = "futures"
version = "3.3.0"
description = "Backport of the concurrent.futures package from Python 3"
category = "main"
optional = false
python-versions = ">=2.6, <3"

[[package]]
name = "idna"
version = "2.10"
description = "Internationalized Domain Names in Applications (IDNA)"
category = "main"
optional = false
python-versions = ">=2.7, !=3.0.*, !=3.1.*, !=3.2.*, !=3.3.*"

[[package]]
name = "importlib-metadata"
version = "1.7.0"
description = "Read metadata from Python packages"
category = "main"
optional = false
python-versions = "!=3.0.*,!=3.1.*,!=3.2.*,!=3.3.*,!=3.4.*,>=2.7"

[package.dependencies]
configparser = {version = ">=3.5", markers = "python_version < \"3\""}
contextlib2 = {version = "*", markers = "python_version < \"3\""}
pathlib2 = {version = "*", markers = "python_version < \"3\""}
zipp = ">=0.5"

[package.extras]
docs = ["sphinx", "rst.linker"]
testing = ["packaging", "pep517", "importlib-resources (>=1.3)"]

[[package]]
name = "intervaltree"
version = "3.1.0"
description = "Editable interval tree data structure for Python 2 and 3"
category = "main"
optional = false
python-versions = "*"

[package.dependencies]
sortedcontainers = ">=2.0,<3.0"

[[package]]
name = "jmespath"
version = "0.10.0"
description = "JSON Matching Expressions"
category = "main"
optional = false
python-versions = ">=2.6, !=3.0.*, !=3.1.*, !=3.2.*"

[[package]]
name = "jsonpickle"
version = "1.4.2"
description = "Python library for serializing any arbitrary object graph into JSON"
category = "main"
optional = false
python-versions = ">=2.7"

[package.dependencies]
importlib-metadata = {version = "*", markers = "python_version < \"3.8\""}

[package.extras]
docs = ["sphinx", "jaraco.packaging (>=3.2)", "rst.linker (>=1.9)"]
testing = ["coverage (<5)", "pytest (>=3.5,!=3.7.3)", "pytest-checkdocs (>=1.2.3)", "pytest-flake8", "pytest-black-multipy", "pytest-cov", "ecdsa", "feedparser", "numpy", "pandas", "pymongo", "sqlalchemy", "enum34", "jsonlib"]
"testing.libs" = ["demjson", "simplejson", "ujson", "yajl"]

[[package]]
name = "mccabe"
version = "0.6.1"
description = "McCabe checker, plugin for flake8"
category = "dev"
optional = false
python-versions = "*"

[[package]]
name = "mock"
version = "2.0.0"
description = "Rolling backport of unittest.mock for all Pythons"
category = "dev"
optional = false
python-versions = "*"

[package.dependencies]
funcsigs = {version = ">=1", markers = "python_version < \"3.3\""}
pbr = ">=0.11"
six = ">=1.9"

[package.extras]
docs = ["sphinx", "Pygments (<2)", "jinja2 (<2.7)", "sphinx (<1.3)"]
test = ["unittest2 (>=1.1.0)"]

[[package]]
name = "monotonic"
version = "1.5"
description = "An implementation of time.monotonic() for Python 2 & < 3.3"
category = "main"
optional = false
python-versions = "*"

[[package]]
name = "nose2"
version = "0.9.2"
description = "unittest2 with plugins, the succesor to nose"
category = "dev"
optional = false
python-versions = "*"

[package.dependencies]
coverage = ">=4.4.1"
mock = {version = "2.0.0", markers = "python_version < \"3.6\""}
six = ">=1.7"

[package.extras]
coverage_plugin = ["coverage (>=4.4.1)"]
doc = ["Sphinx (>=1.6.5)", "sphinx-rtd-theme", "mock"]

[[package]]
name = "pathlib2"
version = "2.3.5"
description = "Object-oriented filesystem paths"
category = "main"
optional = false
python-versions = "*"

[package.dependencies]
scandir = {version = "*", markers = "python_version < \"3.5\""}
six = "*"

[[package]]
name = "pbr"
version = "5.5.1"
description = "Python Build Reasonableness"
category = "dev"
optional = false
python-versions = ">=2.6"

[[package]]
name = "protobuf"
version = "3.14.0"
description = "Protocol Buffers"
category = "main"
optional = false
python-versions = "*"

[package.dependencies]
six = ">=1.9"

[[package]]
name = "pycodestyle"
version = "2.6.0"
description = "Python style guide checker"
category = "dev"
optional = false
python-versions = ">=2.7, !=3.0.*, !=3.1.*, !=3.2.*, !=3.3.*"

[[package]]
name = "pyflakes"
version = "2.2.0"
description = "passive checker of Python programs"
category = "dev"
optional = false
python-versions = ">=2.7, !=3.0.*, !=3.1.*, !=3.2.*, !=3.3.*"

[[package]]
name = "python-dateutil"
version = "2.8.1"
description = "Extensions to the standard Python datetime module"
category = "main"
optional = false
python-versions = "!=3.0.*,!=3.1.*,!=3.2.*,>=2.7"

[package.dependencies]
six = ">=1.5"

[[package]]
name = "requests"
version = "2.25.1"
description = "Python HTTP for Humans."
category = "main"
optional = false
python-versions = ">=2.7, !=3.0.*, !=3.1.*, !=3.2.*, !=3.3.*, !=3.4.*"

[package.dependencies]
certifi = ">=2017.4.17"
chardet = ">=3.0.2,<5"
idna = ">=2.5,<3"
urllib3 = ">=1.21.1,<1.27"

[package.extras]
security = ["pyOpenSSL (>=0.14)", "cryptography (>=1.3.4)"]
socks = ["PySocks (>=1.5.6,!=1.5.7)", "win-inet-pton"]

[[package]]
name = "s3transfer"
version = "0.3.3"
description = "An Amazon S3 Transfer Manager"
category = "dev"
optional = false
python-versions = "*"

[package.dependencies]
botocore = ">=1.12.36,<2.0a.0"
futures = {version = ">=2.2.0,<4.0.0", markers = "python_version == \"2.7\""}

[[package]]
name = "scandir"
version = "1.10.0"
description = "scandir, a better directory iterator and faster os.walk()"
category = "main"
optional = false
python-versions = "*"

[[package]]
name = "six"
version = "1.15.0"
description = "Python 2 and 3 compatibility utilities"
category = "main"
optional = false
python-versions = ">=2.7, !=3.0.*, !=3.1.*, !=3.2.*"

[[package]]
name = "sortedcontainers"
version = "2.3.0"
description = "Sorted Containers -- Sorted List, Sorted Dict, Sorted Set"
category = "main"
optional = false
python-versions = "*"

[[package]]
name = "tenacity"
version = "6.3.1"
description = "Retry code until it succeeds"
category = "main"
optional = false
python-versions = "*"

[package.dependencies]
futures = {version = ">=3.0", markers = "python_version == \"2.7\""}
monotonic = {version = ">=0.6", markers = "python_version == \"2.7\""}
six = ">=1.9.0"
typing = {version = ">=3.7.4.1", markers = "python_version == \"2.7\""}

[package.extras]
doc = ["reno", "sphinx", "tornado (>=4.5)"]

[[package]]
name = "typing"
version = "3.7.4.3"
description = "Type Hints for Python"
category = "main"
optional = false
python-versions = ">=2.7, !=3.0.*, !=3.1.*, !=3.2.*, !=3.3.*"

[[package]]
name = "urllib3"
version = "1.26.2"
description = "HTTP library with thread-safe connection pooling, file post, and more."
category = "main"
optional = false
python-versions = ">=2.7, !=3.0.*, !=3.1.*, !=3.2.*, !=3.3.*, !=3.4.*, <4"

[package.extras]
brotli = ["brotlipy (>=0.6.0)"]
secure = ["pyOpenSSL (>=0.14)", "cryptography (>=1.3.4)", "idna (>=2.0.0)", "certifi", "ipaddress"]
socks = ["PySocks (>=1.5.6,!=1.5.7,<2.0)"]

[[package]]
name = "wrapt"
version = "1.12.1"
description = "Module for decorators, wrappers and monkey patching."
category = "main"
optional = false
python-versions = "*"

[[package]]
name = "zipp"
version = "1.2.0"
description = "Backport of pathlib-compatible object wrapper for zip files"
category = "main"
optional = false
python-versions = ">=2.7"

[package.dependencies]
contextlib2 = {version = "*", markers = "python_version < \"3.4\""}

[package.extras]
docs = ["sphinx", "jaraco.packaging (>=3.2)", "rst.linker (>=1.9)"]
testing = ["pathlib2", "unittest2", "jaraco.itertools", "func-timeout"]

[metadata]
lock-version = "1.1"
python-versions = ">=2.7, !=3.0.*, !=3.1.*, !=3.2.*, !=3.3.*, !=3.4.*, !=3.5.*, <4"
content-hash = "b17471958837d8c0cfaf2457fa557beebfc1ca6374be7499b5c95cbd1d50af6e"

[metadata.files]
aws-xray-sdk = [
    {file = "aws-xray-sdk-2.6.0.tar.gz", hash = "sha256:abf5b90f740e1f402e23414c9670e59cb9772e235e271fef2bce62b9100cbc77"},
    {file = "aws_xray_sdk-2.6.0-py2.py3-none-any.whl", hash = "sha256:076f7c610cd3564bbba3507d43e328fb6ff4a2e841d3590f39b2c3ce99d41e1d"},
]
boto3 = [
    {file = "boto3-1.16.39-py2.py3-none-any.whl", hash = "sha256:c7556b0861d982b71043fbc0df024644320c817ad796391c442d0c2f15a77223"},
    {file = "boto3-1.16.39.tar.gz", hash = "sha256:a05614300fd404c7952a55ae92e106b9400ae65886425aaab3104527be833848"},
]
botocore = [
    {file = "botocore-1.19.39-py2.py3-none-any.whl", hash = "sha256:449e4196160ff58ee27d2a626a7ce4cfff2640fe1806d7a279e73a30ad286347"},
    {file = "botocore-1.19.39.tar.gz", hash = "sha256:e0d0386098a072abd7b6c087e6149d997377c969a823ebe01b3f5bfabe9bfac0"},
]
certifi = [
    {file = "certifi-2020.12.5-py2.py3-none-any.whl", hash = "sha256:719a74fb9e33b9bd44cc7f3a8d94bc35e4049deebe19ba7d8e108280cfd59830"},
    {file = "certifi-2020.12.5.tar.gz", hash = "sha256:1a4995114262bffbc2413b159f2a1a480c969de6e6eb13ee966d470af86af59c"},
]
chardet = [
    {file = "chardet-4.0.0-py2.py3-none-any.whl", hash = "sha256:f864054d66fd9118f2e67044ac8981a54775ec5b67aed0441892edb553d21da5"},
    {file = "chardet-4.0.0.tar.gz", hash = "sha256:0d6f53a15db4120f2b08c94f11e7d93d2c911ee118b6b30a04ec3ee8310179fa"},
]
configparser = [
    {file = "configparser-4.0.2-py2.py3-none-any.whl", hash = "sha256:254c1d9c79f60c45dfde850850883d5aaa7f19a23f13561243a050d5a7c3fe4c"},
    {file = "configparser-4.0.2.tar.gz", hash = "sha256:c7d282687a5308319bf3d2e7706e575c635b0a470342641c93bea0ea3b5331df"},
]
contextlib2 = [
    {file = "contextlib2-0.6.0.post1-py2.py3-none-any.whl", hash = "sha256:3355078a159fbb44ee60ea80abd0d87b80b78c248643b49aa6d94673b413609b"},
    {file = "contextlib2-0.6.0.post1.tar.gz", hash = "sha256:01f490098c18b19d2bd5bb5dc445b2054d2fa97f09a4280ba2c5f3c394c8162e"},
]
coverage = [
    {file = "coverage-5.3-cp27-cp27m-macosx_10_13_intel.whl", hash = "sha256:bd3166bb3b111e76a4f8e2980fa1addf2920a4ca9b2b8ca36a3bc3dedc618270"},
    {file = "coverage-5.3-cp27-cp27m-macosx_10_9_x86_64.whl", hash = "sha256:9342dd70a1e151684727c9c91ea003b2fb33523bf19385d4554f7897ca0141d4"},
    {file = "coverage-5.3-cp27-cp27m-manylinux1_i686.whl", hash = "sha256:63808c30b41f3bbf65e29f7280bf793c79f54fb807057de7e5238ffc7cc4d7b9"},
    {file = "coverage-5.3-cp27-cp27m-manylinux1_x86_64.whl", hash = "sha256:4d6a42744139a7fa5b46a264874a781e8694bb32f1d76d8137b68138686f1729"},
    {file = "coverage-5.3-cp27-cp27m-win32.whl", hash = "sha256:86e9f8cd4b0cdd57b4ae71a9c186717daa4c5a99f3238a8723f416256e0b064d"},
    {file = "coverage-5.3-cp27-cp27m-win_amd64.whl", hash = "sha256:7858847f2d84bf6e64c7f66498e851c54de8ea06a6f96a32a1d192d846734418"},
    {file = "coverage-5.3-cp27-cp27mu-manylinux1_i686.whl", hash = "sha256:530cc8aaf11cc2ac7430f3614b04645662ef20c348dce4167c22d99bec3480e9"},
    {file = "coverage-5.3-cp27-cp27mu-manylinux1_x86_64.whl", hash = "sha256:381ead10b9b9af5f64646cd27107fb27b614ee7040bb1226f9c07ba96625cbb5"},
    {file = "coverage-5.3-cp35-cp35m-macosx_10_13_x86_64.whl", hash = "sha256:71b69bd716698fa62cd97137d6f2fdf49f534decb23a2c6fc80813e8b7be6822"},
    {file = "coverage-5.3-cp35-cp35m-manylinux1_i686.whl", hash = "sha256:1d44bb3a652fed01f1f2c10d5477956116e9b391320c94d36c6bf13b088a1097"},
    {file = "coverage-5.3-cp35-cp35m-manylinux1_x86_64.whl", hash = "sha256:1c6703094c81fa55b816f5ae542c6ffc625fec769f22b053adb42ad712d086c9"},
    {file = "coverage-5.3-cp35-cp35m-win32.whl", hash = "sha256:cedb2f9e1f990918ea061f28a0f0077a07702e3819602d3507e2ff98c8d20636"},
    {file = "coverage-5.3-cp35-cp35m-win_amd64.whl", hash = "sha256:7f43286f13d91a34fadf61ae252a51a130223c52bfefb50310d5b2deb062cf0f"},
    {file = "coverage-5.3-cp36-cp36m-macosx_10_13_x86_64.whl", hash = "sha256:c851b35fc078389bc16b915a0a7c1d5923e12e2c5aeec58c52f4aa8085ac8237"},
    {file = "coverage-5.3-cp36-cp36m-manylinux1_i686.whl", hash = "sha256:aac1ba0a253e17889550ddb1b60a2063f7474155465577caa2a3b131224cfd54"},
    {file = "coverage-5.3-cp36-cp36m-manylinux1_x86_64.whl", hash = "sha256:2b31f46bf7b31e6aa690d4c7a3d51bb262438c6dcb0d528adde446531d0d3bb7"},
    {file = "coverage-5.3-cp36-cp36m-win32.whl", hash = "sha256:c5f17ad25d2c1286436761b462e22b5020d83316f8e8fcb5deb2b3151f8f1d3a"},
    {file = "coverage-5.3-cp36-cp36m-win_amd64.whl", hash = "sha256:aef72eae10b5e3116bac6957de1df4d75909fc76d1499a53fb6387434b6bcd8d"},
    {file = "coverage-5.3-cp37-cp37m-macosx_10_13_x86_64.whl", hash = "sha256:e8caf961e1b1a945db76f1b5fa9c91498d15f545ac0ababbe575cfab185d3bd8"},
    {file = "coverage-5.3-cp37-cp37m-manylinux1_i686.whl", hash = "sha256:29a6272fec10623fcbe158fdf9abc7a5fa032048ac1d8631f14b50fbfc10d17f"},
    {file = "coverage-5.3-cp37-cp37m-manylinux1_x86_64.whl", hash = "sha256:2d43af2be93ffbad25dd959899b5b809618a496926146ce98ee0b23683f8c51c"},
    {file = "coverage-5.3-cp37-cp37m-win32.whl", hash = "sha256:c3888a051226e676e383de03bf49eb633cd39fc829516e5334e69b8d81aae751"},
    {file = "coverage-5.3-cp37-cp37m-win_amd64.whl", hash = "sha256:9669179786254a2e7e57f0ecf224e978471491d660aaca833f845b72a2df3709"},
    {file = "coverage-5.3-cp38-cp38-macosx_10_9_x86_64.whl", hash = "sha256:0203acd33d2298e19b57451ebb0bed0ab0c602e5cf5a818591b4918b1f97d516"},
    {file = "coverage-5.3-cp38-cp38-manylinux1_i686.whl", hash = "sha256:582ddfbe712025448206a5bc45855d16c2e491c2dd102ee9a2841418ac1c629f"},
    {file = "coverage-5.3-cp38-cp38-manylinux1_x86_64.whl", hash = "sha256:0f313707cdecd5cd3e217fc68c78a960b616604b559e9ea60cc16795c4304259"},
    {file = "coverage-5.3-cp38-cp38-win32.whl", hash = "sha256:78e93cc3571fd928a39c0b26767c986188a4118edc67bc0695bc7a284da22e82"},
    {file = "coverage-5.3-cp38-cp38-win_amd64.whl", hash = "sha256:8f264ba2701b8c9f815b272ad568d555ef98dfe1576802ab3149c3629a9f2221"},
    {file = "coverage-5.3-cp39-cp39-macosx_10_13_x86_64.whl", hash = "sha256:50691e744714856f03a86df3e2bff847c2acede4c191f9a1da38f088df342978"},
    {file = "coverage-5.3-cp39-cp39-manylinux1_i686.whl", hash = "sha256:9361de40701666b034c59ad9e317bae95c973b9ff92513dd0eced11c6adf2e21"},
    {file = "coverage-5.3-cp39-cp39-manylinux1_x86_64.whl", hash = "sha256:c1b78fb9700fc961f53386ad2fd86d87091e06ede5d118b8a50dea285a071c24"},
    {file = "coverage-5.3-cp39-cp39-win32.whl", hash = "sha256:cb7df71de0af56000115eafd000b867d1261f786b5eebd88a0ca6360cccfaca7"},
    {file = "coverage-5.3-cp39-cp39-win_amd64.whl", hash = "sha256:47a11bdbd8ada9b7ee628596f9d97fbd3851bd9999d398e9436bd67376dbece7"},
    {file = "coverage-5.3.tar.gz", hash = "sha256:280baa8ec489c4f542f8940f9c4c2181f0306a8ee1a54eceba071a449fb870a0"},
]
datadog = [
    {file = "datadog-0.39.0-py2.py3-none-any.whl", hash = "sha256:b6a42e3e99f704f0a9065e5659e82f11a931c771fc2b119795e86c836f6c5e14"},
    {file = "datadog-0.39.0.tar.gz", hash = "sha256:b0ef69a27aad0e4412c1ac3e6894fa1b5741db735515c34dfe1606d8cf30e4e5"},
]
ddtrace = [
    {file = "ddtrace-0.44.0-cp27-cp27m-macosx_10_9_x86_64.whl", hash = "sha256:2954c0c4035ff9fc0edd1764b21a753843d2c419945cc05b56f81d43ed76be04"},
    {file = "ddtrace-0.44.0-cp27-cp27m-manylinux2010_i686.whl", hash = "sha256:f1e92ad31bc98bb0d472b9b7676b8fa8f3fd7ef891dc1f9e8997cf7ab409928f"},
    {file = "ddtrace-0.44.0-cp27-cp27m-manylinux2010_x86_64.whl", hash = "sha256:6a0c5c32f253bde3e8be96243ef1fc6b19c8c7063700872f93ee12fb90963505"},
    {file = "ddtrace-0.44.0-cp27-cp27mu-manylinux2010_i686.whl", hash = "sha256:9b691d169e12e5635307aac341c99ba31dd3890638fd148959151972aa0f49b6"},
    {file = "ddtrace-0.44.0-cp27-cp27mu-manylinux2010_x86_64.whl", hash = "sha256:0f75e43a29638f70c62f454ff17f609d88a8ee107848b28f878c9f214b715875"},
    {file = "ddtrace-0.44.0-cp35-cp35m-macosx_10_9_x86_64.whl", hash = "sha256:159636eff779214574b98adb68b9ad081bd9684939efe31c6c9d632218c02ff7"},
    {file = "ddtrace-0.44.0-cp35-cp35m-manylinux2010_i686.whl", hash = "sha256:cd0457893697bfa8b9f61e61e5668fb50f80cb0d45d029738cbe213e0a4be586"},
    {file = "ddtrace-0.44.0-cp35-cp35m-manylinux2010_x86_64.whl", hash = "sha256:0cf17edc6fffdc8f22e10fb3f963ac370d5841a1dd191739381cc16065ea4f8a"},
    {file = "ddtrace-0.44.0-cp35-cp35m-win32.whl", hash = "sha256:c90532cf87cbaf2d4c93197ffb2f53499fae8271f620ebb97afa8ff310119e4a"},
    {file = "ddtrace-0.44.0-cp35-cp35m-win_amd64.whl", hash = "sha256:050fcf07adc776d3534b505eef369a48f2507739c1686fcdcd09755c5c148866"},
    {file = "ddtrace-0.44.0-cp36-cp36m-macosx_10_9_x86_64.whl", hash = "sha256:0b7ef7eeef36c10aa98325cf450454cf8870dc55e7bfc44a6300dee61f10d8cc"},
    {file = "ddtrace-0.44.0-cp36-cp36m-manylinux2010_i686.whl", hash = "sha256:23fb34bcc3b265dad602b43000487190aacec5948ab1bb1e55802cbf5b2966d7"},
    {file = "ddtrace-0.44.0-cp36-cp36m-manylinux2010_x86_64.whl", hash = "sha256:6dedfaf4689b6c1080d77198907b26722e8b88b3cf15cb745c96d7fc9aade5e6"},
    {file = "ddtrace-0.44.0-cp36-cp36m-win32.whl", hash = "sha256:6d4e47ba50d8a21724f2fbbda33b39e32bbdbe03e9858987b293466f34112c25"},
    {file = "ddtrace-0.44.0-cp36-cp36m-win_amd64.whl", hash = "sha256:d828a0fd53b4b0e431a45a6393fb3c5e712eee826fd22fb36cf73692daa1bb28"},
    {file = "ddtrace-0.44.0-cp37-cp37m-macosx_10_9_x86_64.whl", hash = "sha256:a7453faabefdb9b38465b2cf757b27af88be7dc324757fa5ce95b67cbae36a9e"},
    {file = "ddtrace-0.44.0-cp37-cp37m-manylinux2010_i686.whl", hash = "sha256:dc128e63123e0bee4a4ed7868977b664c9c6f8ed3c30e279f770c8b714c3aac0"},
    {file = "ddtrace-0.44.0-cp37-cp37m-manylinux2010_x86_64.whl", hash = "sha256:4443517b16e7c735541cca725ce7bc21ad662aa77144f51fc31b9c9457943887"},
    {file = "ddtrace-0.44.0-cp37-cp37m-win32.whl", hash = "sha256:97bd7df6c672ea749d43940a56bfb65ae7edb40711ce336f932b10e92513ab5c"},
    {file = "ddtrace-0.44.0-cp37-cp37m-win_amd64.whl", hash = "sha256:317e96cee5e698e39ec38cde1e53d3875e611f145ff5268c12571533dd183d09"},
    {file = "ddtrace-0.44.0-cp38-cp38-macosx_10_9_x86_64.whl", hash = "sha256:43e098d7da0fae1d38ee1e4d914a70b120a3db9cd42abeeeb35c18f987d46156"},
    {file = "ddtrace-0.44.0-cp38-cp38-manylinux2010_i686.whl", hash = "sha256:afc275535a04c09347de43601fa69d808ccc92c7a4d8532dfdf12e24d7032351"},
    {file = "ddtrace-0.44.0-cp38-cp38-manylinux2010_x86_64.whl", hash = "sha256:fbed1f2a2e13ff49442933f127d60eece3bad47953011999aedfd89d0db0fe28"},
    {file = "ddtrace-0.44.0-cp38-cp38-win32.whl", hash = "sha256:0825975c4b7b4d5c8776037af6c6ac15657fbe4d568d802634dc839a1493b1ce"},
    {file = "ddtrace-0.44.0-cp38-cp38-win_amd64.whl", hash = "sha256:3a35eb8f216bc07f729a5b9d94b4b132c56ad76c3a76cd372039ad0fd3a9f10e"},
    {file = "ddtrace-0.44.0-cp39-cp39-manylinux2010_i686.whl", hash = "sha256:5e139ffdd93fbebc1034f60f4da0745772fe26f98b9e2f51bcf76b84418e6856"},
    {file = "ddtrace-0.44.0-cp39-cp39-manylinux2010_x86_64.whl", hash = "sha256:abfce8f469a103c8e8f4bebce1984bcbf31009d01ddf75891711e41f40cb15f9"},
    {file = "ddtrace-0.44.0.tar.gz", hash = "sha256:bf18821061ce44c0e4b33da63f2e0bdf205887924a58f826ec8bd3ae550a919a"},
]
decorator = [
    {file = "decorator-4.4.2-py2.py3-none-any.whl", hash = "sha256:41fa54c2a0cc4ba648be4fd43cff00aedf5b9465c9bf18d64325bc225f08f760"},
    {file = "decorator-4.4.2.tar.gz", hash = "sha256:e3a62f0520172440ca0dcc823749319382e377f37f140a0b99ef45fecb84bfe7"},
]
enum34 = [
    {file = "enum34-1.1.10-py2-none-any.whl", hash = "sha256:a98a201d6de3f2ab3db284e70a33b0f896fbf35f8086594e8c9e74b909058d53"},
    {file = "enum34-1.1.10-py3-none-any.whl", hash = "sha256:c3858660960c984d6ab0ebad691265180da2b43f07e061c0f8dca9ef3cffd328"},
    {file = "enum34-1.1.10.tar.gz", hash = "sha256:cce6a7477ed816bd2542d03d53db9f0db935dd013b70f336a95c73979289f248"},
]
flake8 = [
    {file = "flake8-3.8.4-py2.py3-none-any.whl", hash = "sha256:749dbbd6bfd0cf1318af27bf97a14e28e5ff548ef8e5b1566ccfb25a11e7c839"},
    {file = "flake8-3.8.4.tar.gz", hash = "sha256:aadae8761ec651813c24be05c6f7b4680857ef6afaae4651a4eccaef97ce6c3b"},
]
funcsigs = [
    {file = "funcsigs-1.0.2-py2.py3-none-any.whl", hash = "sha256:330cc27ccbf7f1e992e69fef78261dc7c6569012cf397db8d3de0234e6c937ca"},
    {file = "funcsigs-1.0.2.tar.gz", hash = "sha256:a7bb0f2cf3a3fd1ab2732cb49eba4252c2af4240442415b4abce3b87022a8f50"},
]
functools32 = [
    {file = "functools32-3.2.3-2.tar.gz", hash = "sha256:f6253dfbe0538ad2e387bd8fdfd9293c925d63553f5813c4e587745416501e6d"},
    {file = "functools32-3.2.3-2.zip", hash = "sha256:89d824aa6c358c421a234d7f9ee0bd75933a67c29588ce50aaa3acdf4d403fa0"},
]
future = [
    {file = "future-0.18.2.tar.gz", hash = "sha256:b1bead90b70cf6ec3f0710ae53a525360fa360d306a86583adc6bf83a4db537d"},
]
futures = [
    {file = "futures-3.3.0-py2-none-any.whl", hash = "sha256:49b3f5b064b6e3afc3316421a3f25f66c137ae88f068abbf72830170033c5e16"},
    {file = "futures-3.3.0.tar.gz", hash = "sha256:7e033af76a5e35f58e56da7a91e687706faf4e7bdfb2cbc3f2cca6b9bcda9794"},
]
idna = [
    {file = "idna-2.10-py2.py3-none-any.whl", hash = "sha256:b97d804b1e9b523befed77c48dacec60e6dcb0b5391d57af6a65a312a90648c0"},
    {file = "idna-2.10.tar.gz", hash = "sha256:b307872f855b18632ce0c21c5e45be78c0ea7ae4c15c828c20788b26921eb3f6"},
]
importlib-metadata = [
    {file = "importlib_metadata-1.7.0-py2.py3-none-any.whl", hash = "sha256:dc15b2969b4ce36305c51eebe62d418ac7791e9a157911d58bfb1f9ccd8e2070"},
    {file = "importlib_metadata-1.7.0.tar.gz", hash = "sha256:90bb658cdbbf6d1735b6341ce708fc7024a3e14e99ffdc5783edea9f9b077f83"},
]
intervaltree = [
    {file = "intervaltree-3.1.0.tar.gz", hash = "sha256:902b1b88936918f9b2a19e0e5eb7ccb430ae45cde4f39ea4b36932920d33952d"},
]
jmespath = [
    {file = "jmespath-0.10.0-py2.py3-none-any.whl", hash = "sha256:cdf6525904cc597730141d61b36f2e4b8ecc257c420fa2f4549bac2c2d0cb72f"},
    {file = "jmespath-0.10.0.tar.gz", hash = "sha256:b85d0567b8666149a93172712e68920734333c0ce7e89b78b3e987f71e5ed4f9"},
]
jsonpickle = [
    {file = "jsonpickle-1.4.2-py2.py3-none-any.whl", hash = "sha256:2ac5863099864c63d7f0c367af5e512c94f3384977dd367f2eae5f2303f7b92c"},
    {file = "jsonpickle-1.4.2.tar.gz", hash = "sha256:c9b99b28a9e6a3043ec993552db79f4389da11afcb1d0246d93c79f4b5e64062"},
]
mccabe = [
    {file = "mccabe-0.6.1-py2.py3-none-any.whl", hash = "sha256:ab8a6258860da4b6677da4bd2fe5dc2c659cff31b3ee4f7f5d64e79735b80d42"},
    {file = "mccabe-0.6.1.tar.gz", hash = "sha256:dd8d182285a0fe56bace7f45b5e7d1a6ebcbf524e8f3bd87eb0f125271b8831f"},
]
mock = [
    {file = "mock-2.0.0-py2.py3-none-any.whl", hash = "sha256:5ce3c71c5545b472da17b72268978914d0252980348636840bd34a00b5cc96c1"},
    {file = "mock-2.0.0.tar.gz", hash = "sha256:b158b6df76edd239b8208d481dc46b6afd45a846b7812ff0ce58971cf5bc8bba"},
]
monotonic = [
    {file = "monotonic-1.5-py2.py3-none-any.whl", hash = "sha256:552a91f381532e33cbd07c6a2655a21908088962bb8fa7239ecbcc6ad1140cc7"},
    {file = "monotonic-1.5.tar.gz", hash = "sha256:23953d55076df038541e648a53676fb24980f7a1be290cdda21300b3bc21dfb0"},
]
nose2 = [
    {file = "nose2-0.9.2-py2.py3-none-any.whl", hash = "sha256:fd4b84c65ecea869080a23bdb8916716f5363df3b899933991c861ada8aa3f48"},
    {file = "nose2-0.9.2.tar.gz", hash = "sha256:8762f77925bbafcdf38331e0e2ee718756fb75ff74b1f9097cd08731ad59ab5e"},
]
pathlib2 = [
    {file = "pathlib2-2.3.5-py2.py3-none-any.whl", hash = "sha256:0ec8205a157c80d7acc301c0b18fbd5d44fe655968f5d947b6ecef5290fc35db"},
    {file = "pathlib2-2.3.5.tar.gz", hash = "sha256:6cd9a47b597b37cc57de1c05e56fb1a1c9cc9fab04fe78c29acd090418529868"},
]
pbr = [
    {file = "pbr-5.5.1-py2.py3-none-any.whl", hash = "sha256:b236cde0ac9a6aedd5e3c34517b423cd4fd97ef723849da6b0d2231142d89c00"},
    {file = "pbr-5.5.1.tar.gz", hash = "sha256:5fad80b613c402d5b7df7bd84812548b2a61e9977387a80a5fc5c396492b13c9"},
]
protobuf = [
    {file = "protobuf-3.14.0-cp27-cp27m-macosx_10_9_x86_64.whl", hash = "sha256:629b03fd3caae7f815b0c66b41273f6b1900a579e2ccb41ef4493a4f5fb84f3a"},
    {file = "protobuf-3.14.0-cp27-cp27mu-manylinux1_x86_64.whl", hash = "sha256:5b7a637212cc9b2bcf85dd828b1178d19efdf74dbfe1ddf8cd1b8e01fdaaa7f5"},
    {file = "protobuf-3.14.0-cp35-cp35m-macosx_10_9_intel.whl", hash = "sha256:43b554b9e73a07ba84ed6cf25db0ff88b1e06be610b37656e292e3cbb5437472"},
    {file = "protobuf-3.14.0-cp35-cp35m-manylinux1_x86_64.whl", hash = "sha256:5e9806a43232a1fa0c9cf5da8dc06f6910d53e4390be1fa06f06454d888a9142"},
    {file = "protobuf-3.14.0-cp35-cp35m-win32.whl", hash = "sha256:1c51fda1bbc9634246e7be6016d860be01747354ed7015ebe38acf4452f470d2"},
    {file = "protobuf-3.14.0-cp35-cp35m-win_amd64.whl", hash = "sha256:4b74301b30513b1a7494d3055d95c714b560fbb630d8fb9956b6f27992c9f980"},
    {file = "protobuf-3.14.0-cp36-cp36m-macosx_10_9_x86_64.whl", hash = "sha256:86a75477addde4918e9a1904e5c6af8d7b691f2a3f65587d73b16100fbe4c3b2"},
    {file = "protobuf-3.14.0-cp36-cp36m-manylinux1_x86_64.whl", hash = "sha256:ecc33531a213eee22ad60e0e2aaea6c8ba0021f0cce35dbf0ab03dee6e2a23a1"},
    {file = "protobuf-3.14.0-cp36-cp36m-win32.whl", hash = "sha256:72230ed56f026dd664c21d73c5db73ebba50d924d7ba6b7c0d81a121e390406e"},
    {file = "protobuf-3.14.0-cp36-cp36m-win_amd64.whl", hash = "sha256:0fc96785262042e4863b3f3b5c429d4636f10d90061e1840fce1baaf59b1a836"},
    {file = "protobuf-3.14.0-cp37-cp37m-macosx_10_9_x86_64.whl", hash = "sha256:4e75105c9dfe13719b7293f75bd53033108f4ba03d44e71db0ec2a0e8401eafd"},
    {file = "protobuf-3.14.0-cp37-cp37m-manylinux1_x86_64.whl", hash = "sha256:2a7e2fe101a7ace75e9327b9c946d247749e564a267b0515cf41dfe450b69bac"},
    {file = "protobuf-3.14.0-cp37-cp37m-win32.whl", hash = "sha256:b0d5d35faeb07e22a1ddf8dce620860c8fe145426c02d1a0ae2688c6e8ede36d"},
    {file = "protobuf-3.14.0-cp37-cp37m-win_amd64.whl", hash = "sha256:8971c421dbd7aad930c9bd2694122f332350b6ccb5202a8b7b06f3f1a5c41ed5"},
    {file = "protobuf-3.14.0-cp38-cp38-macosx_10_9_x86_64.whl", hash = "sha256:9616f0b65a30851e62f1713336c931fcd32c057202b7ff2cfbfca0fc7d5e3043"},
    {file = "protobuf-3.14.0-cp38-cp38-manylinux1_x86_64.whl", hash = "sha256:22bcd2e284b3b1d969c12e84dc9b9a71701ec82d8ce975fdda19712e1cfd4e00"},
    {file = "protobuf-3.14.0-py2.py3-none-any.whl", hash = "sha256:0e247612fadda953047f53301a7b0407cb0c3cb4ae25a6fde661597a04039b3c"},
    {file = "protobuf-3.14.0.tar.gz", hash = "sha256:1d63eb389347293d8915fb47bee0951c7b5dab522a4a60118b9a18f33e21f8ce"},
]
pycodestyle = [
    {file = "pycodestyle-2.6.0-py2.py3-none-any.whl", hash = "sha256:2295e7b2f6b5bd100585ebcb1f616591b652db8a741695b3d8f5d28bdc934367"},
    {file = "pycodestyle-2.6.0.tar.gz", hash = "sha256:c58a7d2815e0e8d7972bf1803331fb0152f867bd89adf8a01dfd55085434192e"},
]
pyflakes = [
    {file = "pyflakes-2.2.0-py2.py3-none-any.whl", hash = "sha256:0d94e0e05a19e57a99444b6ddcf9a6eb2e5c68d3ca1e98e90707af8152c90a92"},
    {file = "pyflakes-2.2.0.tar.gz", hash = "sha256:35b2d75ee967ea93b55750aa9edbbf72813e06a66ba54438df2cfac9e3c27fc8"},
]
python-dateutil = [
    {file = "python-dateutil-2.8.1.tar.gz", hash = "sha256:73ebfe9dbf22e832286dafa60473e4cd239f8592f699aa5adaf10050e6e1823c"},
    {file = "python_dateutil-2.8.1-py2.py3-none-any.whl", hash = "sha256:75bb3f31ea686f1197762692a9ee6a7550b59fc6ca3a1f4b5d7e32fb98e2da2a"},
]
requests = [
    {file = "requests-2.25.1-py2.py3-none-any.whl", hash = "sha256:c210084e36a42ae6b9219e00e48287def368a26d03a048ddad7bfee44f75871e"},
    {file = "requests-2.25.1.tar.gz", hash = "sha256:27973dd4a904a4f13b263a19c866c13b92a39ed1c964655f025f3f8d3d75b804"},
]
s3transfer = [
    {file = "s3transfer-0.3.3-py2.py3-none-any.whl", hash = "sha256:2482b4259524933a022d59da830f51bd746db62f047d6eb213f2f8855dcb8a13"},
    {file = "s3transfer-0.3.3.tar.gz", hash = "sha256:921a37e2aefc64145e7b73d50c71bb4f26f46e4c9f414dc648c6245ff92cf7db"},
]
scandir = [
    {file = "scandir-1.10.0-cp27-cp27m-win32.whl", hash = "sha256:92c85ac42f41ffdc35b6da57ed991575bdbe69db895507af88b9f499b701c188"},
    {file = "scandir-1.10.0-cp27-cp27m-win_amd64.whl", hash = "sha256:cb925555f43060a1745d0a321cca94bcea927c50114b623d73179189a4e100ac"},
    {file = "scandir-1.10.0-cp34-cp34m-win32.whl", hash = "sha256:2c712840c2e2ee8dfaf36034080108d30060d759c7b73a01a52251cc8989f11f"},
    {file = "scandir-1.10.0-cp34-cp34m-win_amd64.whl", hash = "sha256:2586c94e907d99617887daed6c1d102b5ca28f1085f90446554abf1faf73123e"},
    {file = "scandir-1.10.0-cp35-cp35m-win32.whl", hash = "sha256:2b8e3888b11abb2217a32af0766bc06b65cc4a928d8727828ee68af5a967fa6f"},
    {file = "scandir-1.10.0-cp35-cp35m-win_amd64.whl", hash = "sha256:8c5922863e44ffc00c5c693190648daa6d15e7c1207ed02d6f46a8dcc2869d32"},
    {file = "scandir-1.10.0-cp36-cp36m-win32.whl", hash = "sha256:2ae41f43797ca0c11591c0c35f2f5875fa99f8797cb1a1fd440497ec0ae4b022"},
    {file = "scandir-1.10.0-cp36-cp36m-win_amd64.whl", hash = "sha256:7d2d7a06a252764061a020407b997dd036f7bd6a175a5ba2b345f0a357f0b3f4"},
    {file = "scandir-1.10.0-cp37-cp37m-win32.whl", hash = "sha256:67f15b6f83e6507fdc6fca22fedf6ef8b334b399ca27c6b568cbfaa82a364173"},
    {file = "scandir-1.10.0-cp37-cp37m-win_amd64.whl", hash = "sha256:b24086f2375c4a094a6b51e78b4cf7ca16c721dcee2eddd7aa6494b42d6d519d"},
    {file = "scandir-1.10.0.tar.gz", hash = "sha256:4d4631f6062e658e9007ab3149a9b914f3548cb38bfb021c64f39a025ce578ae"},
]
six = [
    {file = "six-1.15.0-py2.py3-none-any.whl", hash = "sha256:8b74bedcbbbaca38ff6d7491d76f2b06b3592611af620f8426e82dddb04a5ced"},
    {file = "six-1.15.0.tar.gz", hash = "sha256:30639c035cdb23534cd4aa2dd52c3bf48f06e5f4a941509c8bafd8ce11080259"},
]
sortedcontainers = [
    {file = "sortedcontainers-2.3.0-py2.py3-none-any.whl", hash = "sha256:37257a32add0a3ee490bb170b599e93095eed89a55da91fa9f48753ea12fd73f"},
    {file = "sortedcontainers-2.3.0.tar.gz", hash = "sha256:59cc937650cf60d677c16775597c89a960658a09cf7c1a668f86e1e4464b10a1"},
]
tenacity = [
    {file = "tenacity-6.3.1-py2.py3-none-any.whl", hash = "sha256:baed357d9f35ec64264d8a4bbf004c35058fad8795c5b0d8a7dc77ecdcbb8f39"},
    {file = "tenacity-6.3.1.tar.gz", hash = "sha256:e14d191fb0a309b563904bbc336582efe2037de437e543b38da749769b544d7f"},
]
typing = [
    {file = "typing-3.7.4.3-py2-none-any.whl", hash = "sha256:283d868f5071ab9ad873e5e52268d611e851c870a2ba354193026f2dfb29d8b5"},
    {file = "typing-3.7.4.3.tar.gz", hash = "sha256:1187fb9c82fd670d10aa07bbb6cfcfe4bdda42d6fab8d5134f04e8c4d0b71cc9"},
]
urllib3 = [
    {file = "urllib3-1.26.2-py2.py3-none-any.whl", hash = "sha256:d8ff90d979214d7b4f8ce956e80f4028fc6860e4431f731ea4a8c08f23f99473"},
    {file = "urllib3-1.26.2.tar.gz", hash = "sha256:19188f96923873c92ccb987120ec4acaa12f0461fa9ce5d3d0772bc965a39e08"},
]
wrapt = [
    {file = "wrapt-1.12.1.tar.gz", hash = "sha256:b62ffa81fb85f4332a4f609cab4ac40709470da05643a082ec1eb88e6d9b97d7"},
]
zipp = [
    {file = "zipp-1.2.0-py2.py3-none-any.whl", hash = "sha256:e0d9e63797e483a30d27e09fffd308c59a700d365ec34e93cc100844168bf921"},
    {file = "zipp-1.2.0.tar.gz", hash = "sha256:c70410551488251b0fee67b460fb9a536af8d6f9f008ad10ac51f615b6a521b1"},
]
