# THIS IS AN AUTOGENERATED FILE. DO NOT EDIT THIS FILE DIRECTLY.
# yarn lockfile v1


serverless-plugin-datadog@^2.2.1:
  version "2.2.1"
  resolved "https://registry.yarnpkg.com/serverless-plugin-datadog/-/serverless-plugin-datadog-2.2.1.tgz#ab8d28bbac612a499e4b871f82a78b5f7c9d447b"
  integrity sha512-+AjuftUx8hSju67aiPpIpkaXkrIwqMzTz9HNX4u0z80sa8W2JY41LeLQpV/FKgLCBE8aZX5XG7nWhC2wDV5/xw==
