# This file is generated by running "yarn install" inside your project.
# Manual changes might be lost - proceed with caution!

__metadata:
  version: 8
  cacheKey: 10c0

"2-thenable@npm:^1.0.0":
  version: 1.0.0
  resolution: "2-thenable@npm:1.0.0"
  dependencies:
    d: "npm:1"
    es5-ext: "npm:^0.10.47"
  checksum: 10c0/38b22a0237dfca09742daad566767bba49fcf389efb5dc44926960036afd66fce772a95f277d2d31a0255b404d7ee23f8bd61257d8a9959b34b240ba4aa40fd5
  languageName: node
  linkType: hard

"@iarna/toml@npm:^2.2.5":
  version: 2.2.5
  resolution: "@iarna/toml@npm:2.2.5"
  checksum: 10c0/d095381ad4554aca233b7cf5a91f243ef619e5e15efd3157bc640feac320545450d14b394aebbf6f02a2047437ced778ae598d5879a995441ab7b6c0b2c2f201
  languageName: node
  linkType: hard

"ansi-regex@npm:^5.0.1":
  version: 5.0.1
  resolution: "ansi-regex@npm:5.0.1"
  checksum: 10c0/9a64bb8627b434ba9327b60c027742e5d17ac69277960d041898596271d992d4d52ba7267a63ca10232e29f6107fc8a835f6ce8d719b88c5f8493f8254813737
  languageName: node
  linkType: hard

"ansi-styles@npm:^4.0.0":
  version: 4.3.0
  resolution: "ansi-styles@npm:4.3.0"
  dependencies:
    color-convert: "npm:^2.0.1"
  checksum: 10c0/895a23929da416f2bd3de7e9cb4eabd340949328ab85ddd6e484a637d8f6820d485f53933446f5291c3b760cbc488beb8e88573dd0f9c7daf83dccc8fe81b041
  languageName: node
  linkType: hard

"appdirectory@npm:^0.1.0":
  version: 0.1.0
  resolution: "appdirectory@npm:0.1.0"
  checksum: 10c0/9259b71457aa43645ecdf3f4a24073ccf8bbfc5ec9f938a1010b6c449b6dccbe105d2333faf2b7fcc2a3beb33207b8f6a590440b584cfb02c812819e921bd423
  languageName: node
  linkType: hard

"balanced-match@npm:^1.0.0":
  version: 1.0.2
  resolution: "balanced-match@npm:1.0.2"
  checksum: 10c0/9308baf0a7e4838a82bbfd11e01b1cb0f0cf2893bc1676c27c2a8c0e70cbae1c59120c3268517a8ae7fb6376b4639ef81ca22582611dbee4ed28df945134aaee
  languageName: node
  linkType: hard

"bluebird@npm:^3.7.2":
  version: 3.7.2
  resolution: "bluebird@npm:3.7.2"
  checksum: 10c0/680de03adc54ff925eaa6c7bb9a47a0690e8b5de60f4792604aae8ed618c65e6b63a7893b57ca924beaf53eee69c5af4f8314148c08124c550fe1df1add897d2
  languageName: node
  linkType: hard

"brace-expansion@npm:^1.1.7":
  version: 1.1.14
  resolution: "brace-expansion@npm:1.1.14"
  dependencies:
    balanced-match: "npm:^1.0.0"
    concat-map: "npm:0.0.1"
  checksum: 10c0/b6fdac832bc4e36a753658c9ed052c2e1a2be221763b002df25d1efbf7d21724334e726a6cd5eadc72a4b19ec3efb632d629cc003bc9c62f7af7a7915ffa4385
  languageName: node
  linkType: hard

"camelcase@npm:^5.0.0":
  version: 5.3.1
  resolution: "camelcase@npm:5.3.1"
  checksum: 10c0/92ff9b443bfe8abb15f2b1513ca182d16126359ad4f955ebc83dc4ddcc4ef3fdd2c078bc223f2673dc223488e75c99b16cc4d056624374b799e6a1555cf61b23
  languageName: node
  linkType: hard

"child-process-ext@npm:^2.1.1":
  version: 2.1.1
  resolution: "child-process-ext@npm:2.1.1"
  dependencies:
    cross-spawn: "npm:^6.0.5"
    es5-ext: "npm:^0.10.53"
    log: "npm:^6.0.0"
    split2: "npm:^3.1.1"
    stream-promise: "npm:^3.2.0"
  checksum: 10c0/feba99e8098faf11fad5ce006365917258e4473876dfba47be4b4e48f8fb39a877cf03474e57078a85487b739d6fc5101ca275e3681af5ba1aaad650a52952b6
  languageName: node
  linkType: hard

"cliui@npm:^6.0.0":
  version: 6.0.0
  resolution: "cliui@npm:6.0.0"
  dependencies:
    string-width: "npm:^4.2.0"
    strip-ansi: "npm:^6.0.0"
    wrap-ansi: "npm:^6.2.0"
  checksum: 10c0/35229b1bb48647e882104cac374c9a18e34bbf0bace0e2cf03000326b6ca3050d6b59545d91e17bfe3705f4a0e2988787aa5cde6331bf5cbbf0164732cef6492
  languageName: node
  linkType: hard

"color-convert@npm:^2.0.1":
  version: 2.0.1
  resolution: "color-convert@npm:2.0.1"
  dependencies:
    color-name: "npm:~1.1.4"
  checksum: 10c0/37e1150172f2e311fe1b2df62c6293a342ee7380da7b9cfdba67ea539909afbd74da27033208d01d6d5cfc65ee7868a22e18d7e7648e004425441c0f8a15a7d7
  languageName: node
  linkType: hard

"color-name@npm:~1.1.4":
  version: 1.1.4
  resolution: "color-name@npm:1.1.4"
  checksum: 10c0/a1a3f914156960902f46f7f56bc62effc6c94e84b2cae157a526b1c1f74b677a47ec602bf68a61abfa2b42d15b7c5651c6dbe72a43af720bc588dff885b10f95
  languageName: node
  linkType: hard

"concat-map@npm:0.0.1":
  version: 0.0.1
  resolution: "concat-map@npm:0.0.1"
  checksum: 10c0/c996b1cfdf95b6c90fee4dae37e332c8b6eb7d106430c17d538034c0ad9a1630cb194d2ab37293b1bdd4d779494beee7786d586a50bd9376fd6f7bcc2bd4c98f
  languageName: node
  linkType: hard

"core-util-is@npm:~1.0.0":
  version: 1.0.3
  resolution: "core-util-is@npm:1.0.3"
  checksum: 10c0/90a0e40abbddfd7618f8ccd63a74d88deea94e77d0e8dbbea059fa7ebebb8fbb4e2909667fe26f3a467073de1a542ebe6ae4c73a73745ac5833786759cd906c9
  languageName: node
  linkType: hard

"cross-spawn@npm:^6.0.5":
  version: 6.0.6
  resolution: "cross-spawn@npm:6.0.6"
  dependencies:
    nice-try: "npm:^1.0.4"
    path-key: "npm:^2.0.1"
    semver: "npm:^5.5.0"
    shebang-command: "npm:^1.2.0"
    which: "npm:^1.2.9"
  checksum: 10c0/bf61fb890e8635102ea9bce050515cf915ff6a50ccaa0b37a17dc82fded0fb3ed7af5478b9367b86baee19127ad86af4be51d209f64fd6638c0862dca185fe1d
  languageName: node
  linkType: hard

"d@npm:1, d@npm:^1.0.1, d@npm:^1.0.2":
  version: 1.0.2
  resolution: "d@npm:1.0.2"
  dependencies:
    es5-ext: "npm:^0.10.64"
    type: "npm:^2.7.2"
  checksum: 10c0/3e6ede10cd3b77586c47da48423b62bed161bf1a48bdbcc94d87263522e22f5dfb0e678a6dba5323fdc14c5d8612b7f7eb9e7d9e37b2e2d67a7bf9f116dabe5a
  languageName: node
  linkType: hard

"decamelize@npm:^1.2.0":
  version: 1.2.0
  resolution: "decamelize@npm:1.2.0"
  checksum: 10c0/85c39fe8fbf0482d4a1e224ef0119db5c1897f8503bcef8b826adff7a1b11414972f6fef2d7dec2ee0b4be3863cf64ac1439137ae9e6af23a3d8dcbe26a5b4b2
  languageName: node
  linkType: hard

"duration@npm:^0.2.2":
  version: 0.2.2
  resolution: "duration@npm:0.2.2"
  dependencies:
    d: "npm:1"
    es5-ext: "npm:~0.10.46"
  checksum: 10c0/06591c3493dfed317a366c852d3d27a65dc9c6c2abe4cac16104f4cbe3fd697feef3c1cedd6ce9b5e03d273dd78489a3d77256a80c49cd5c2b31174ef41827a8
  languageName: node
  linkType: hard

"emoji-regex@npm:^8.0.0":
  version: 8.0.0
  resolution: "emoji-regex@npm:8.0.0"
  checksum: 10c0/b6053ad39951c4cf338f9092d7bfba448cdfd46fe6a2a034700b149ac9ffbc137e361cbd3c442297f86bed2e5f7576c1b54cc0a6bf8ef5106cc62f496af35010
  languageName: node
  linkType: hard

"es5-ext@npm:^0.10.35, es5-ext@npm:^0.10.47, es5-ext@npm:^0.10.49, es5-ext@npm:^0.10.53, es5-ext@npm:^0.10.62, es5-ext@npm:^0.10.64, es5-ext@npm:~0.10.14, es5-ext@npm:~0.10.46":
  version: 0.10.64
  resolution: "es5-ext@npm:0.10.64"
  dependencies:
    es6-iterator: "npm:^2.0.3"
    es6-symbol: "npm:^3.1.3"
    esniff: "npm:^2.0.1"
    next-tick: "npm:^1.1.0"
  checksum: 10c0/4459b6ae216f3c615db086e02437bdfde851515a101577fd61b19f9b3c1ad924bab4d197981eb7f0ccb915f643f2fc10ff76b97a680e96cbb572d15a27acd9a3
  languageName: node
  linkType: hard

"es6-iterator@npm:^2.0.3":
  version: 2.0.3
  resolution: "es6-iterator@npm:2.0.3"
  dependencies:
    d: "npm:1"
    es5-ext: "npm:^0.10.35"
    es6-symbol: "npm:^3.1.1"
  checksum: 10c0/91f20b799dba28fb05bf623c31857fc1524a0f1c444903beccaf8929ad196c8c9ded233e5ac7214fc63a92b3f25b64b7f2737fcca8b1f92d2d96cf3ac902f5d8
  languageName: node
  linkType: hard

"es6-symbol@npm:^3.1.1, es6-symbol@npm:^3.1.3":
  version: 3.1.4
  resolution: "es6-symbol@npm:3.1.4"
  dependencies:
    d: "npm:^1.0.2"
    ext: "npm:^1.7.0"
  checksum: 10c0/777bf3388db5d7919e09a0fd175aa5b8a62385b17cb2227b7a137680cba62b4d9f6193319a102642aa23d5840d38a62e4784f19cfa5be4a2210a3f0e9b23d15d
  languageName: node
  linkType: hard

"esniff@npm:^2.0.1":
  version: 2.0.1
  resolution: "esniff@npm:2.0.1"
  dependencies:
    d: "npm:^1.0.1"
    es5-ext: "npm:^0.10.62"
    event-emitter: "npm:^0.3.5"
    type: "npm:^2.7.2"
  checksum: 10c0/7efd8d44ac20e5db8cb0ca77eb65eca60628b2d0f3a1030bcb05e71cc40e6e2935c47b87dba3c733db12925aa5b897f8e0e7a567a2c274206f184da676ea2e65
  languageName: node
  linkType: hard

"event-emitter@npm:^0.3.5":
  version: 0.3.5
  resolution: "event-emitter@npm:0.3.5"
  dependencies:
    d: "npm:1"
    es5-ext: "npm:~0.10.14"
  checksum: 10c0/75082fa8ffb3929766d0f0a063bfd6046bd2a80bea2666ebaa0cfd6f4a9116be6647c15667bea77222afc12f5b4071b68d393cf39fdaa0e8e81eda006160aff0
  languageName: node
  linkType: hard

"ext@npm:^1.7.0":
  version: 1.7.0
  resolution: "ext@npm:1.7.0"
  dependencies:
    type: "npm:^2.7.2"
  checksum: 10c0/a8e5f34e12214e9eee3a4af3b5c9d05ba048f28996450975b369fc86e5d0ef13b6df0615f892f5396a9c65d616213c25ec5b0ad17ef42eac4a500512a19da6c7
  languageName: node
  linkType: hard

"find-up@npm:^4.1.0":
  version: 4.1.0
  resolution: "find-up@npm:4.1.0"
  dependencies:
    locate-path: "npm:^5.0.0"
    path-exists: "npm:^4.0.0"
  checksum: 10c0/0406ee89ebeefa2d507feb07ec366bebd8a6167ae74aa4e34fb4c4abd06cf782a3ce26ae4194d70706f72182841733f00551c209fe575cb00bd92104056e78c1
  languageName: node
  linkType: hard

"fs-extra@npm:^10.1.0":
  version: 10.1.0
  resolution: "fs-extra@npm:10.1.0"
  dependencies:
    graceful-fs: "npm:^4.2.0"
    jsonfile: "npm:^6.0.1"
    universalify: "npm:^2.0.0"
  checksum: 10c0/5f579466e7109719d162a9249abbeffe7f426eb133ea486e020b89bc6d67a741134076bf439983f2eb79276ceaf6bd7b7c1e43c3fd67fe889863e69072fb0a5e
  languageName: node
  linkType: hard

"fs.realpath@npm:^1.0.0":
  version: 1.0.0
  resolution: "fs.realpath@npm:1.0.0"
  checksum: 10c0/444cf1291d997165dfd4c0d58b69f0e4782bfd9149fd72faa4fe299e68e0e93d6db941660b37dd29153bf7186672ececa3b50b7e7249477b03fdf850f287c948
  languageName: node
  linkType: hard

"get-caller-file@npm:^2.0.1":
  version: 2.0.5
  resolution: "get-caller-file@npm:2.0.5"
  checksum: 10c0/c6c7b60271931fa752aeb92f2b47e355eac1af3a2673f47c9589e8f8a41adc74d45551c1bc57b5e66a80609f10ffb72b6f575e4370d61cc3f7f3aaff01757cde
  languageName: node
  linkType: hard

"glob-all@npm:^3.3.1":
  version: 3.3.1
  resolution: "glob-all@npm:3.3.1"
  dependencies:
    glob: "npm:^7.2.3"
    yargs: "npm:^15.3.1"
  bin:
    glob-all: bin/glob-all
  checksum: 10c0/35f5f3aa7bb55baf4a204c46e16586764db671515503fbaf64171bf555dbb3350f8aa76b89019714e78a59b3422e3a0571a06293ec28182d9cfbd4566d878093
  languageName: node
  linkType: hard

"glob@npm:^7.1.3, glob@npm:^7.2.3":
  version: 7.2.3
  resolution: "glob@npm:7.2.3"
  dependencies:
    fs.realpath: "npm:^1.0.0"
    inflight: "npm:^1.0.4"
    inherits: "npm:2"
    minimatch: "npm:^3.1.1"
    once: "npm:^1.3.0"
    path-is-absolute: "npm:^1.0.0"
  checksum: 10c0/65676153e2b0c9095100fe7f25a778bf45608eeb32c6048cf307f579649bcc30353277b3b898a3792602c65764e5baa4f643714dfbdfd64ea271d210c7a425fe
  languageName: node
  linkType: hard

"graceful-fs@npm:^4.1.6, graceful-fs@npm:^4.2.0":
  version: 4.2.11
  resolution: "graceful-fs@npm:4.2.11"
  checksum: 10c0/386d011a553e02bc594ac2ca0bd6d9e4c22d7fa8cfbfc448a6d148c59ea881b092db9dbe3547ae4b88e55f1b01f7c4a2ecc53b310c042793e63aa44cf6c257f2
  languageName: node
  linkType: hard

"immediate@npm:~3.0.5":
  version: 3.0.6
  resolution: "immediate@npm:3.0.6"
  checksum: 10c0/f8ba7ede69bee9260241ad078d2d535848745ff5f6995c7c7cb41cfdc9ccc213f66e10fa5afb881f90298b24a3f7344b637b592beb4f54e582770cdce3f1f039
  languageName: node
  linkType: hard

"inflight@npm:^1.0.4":
  version: 1.0.6
  resolution: "inflight@npm:1.0.6"
  dependencies:
    once: "npm:^1.3.0"
    wrappy: "npm:1"
  checksum: 10c0/7faca22584600a9dc5b9fca2cd5feb7135ac8c935449837b315676b4c90aa4f391ec4f42240178244b5a34e8bede1948627fda392ca3191522fc46b34e985ab2
  languageName: node
  linkType: hard

"inherits@npm:2, inherits@npm:^2.0.3, inherits@npm:~2.0.3":
  version: 2.0.4
  resolution: "inherits@npm:2.0.4"
  checksum: 10c0/4e531f648b29039fb7426fb94075e6545faa1eb9fe83c29f0b6d9e7263aceb4289d2d4557db0d428188eeb449cc7c5e77b0a0b2c4e248ff2a65933a0dee49ef2
  languageName: node
  linkType: hard

"is-docker@npm:^2.0.0":
  version: 2.2.1
  resolution: "is-docker@npm:2.2.1"
  bin:
    is-docker: cli.js
  checksum: 10c0/e828365958d155f90c409cdbe958f64051d99e8aedc2c8c4cd7c89dcf35329daed42f7b99346f7828df013e27deb8f721cf9408ba878c76eb9e8290235fbcdcc
  languageName: node
  linkType: hard

"is-fullwidth-code-point@npm:^3.0.0":
  version: 3.0.0
  resolution: "is-fullwidth-code-point@npm:3.0.0"
  checksum: 10c0/bb11d825e049f38e04c06373a8d72782eee0205bda9d908cc550ccb3c59b99d750ff9537982e01733c1c94a58e35400661f57042158ff5e8f3e90cf936daf0fc
  languageName: node
  linkType: hard

"is-plain-object@npm:^2.0.4":
  version: 2.0.4
  resolution: "is-plain-object@npm:2.0.4"
  dependencies:
    isobject: "npm:^3.0.1"
  checksum: 10c0/f050fdd5203d9c81e8c4df1b3ff461c4bc64e8b5ca383bcdde46131361d0a678e80bcf00b5257646f6c636197629644d53bd8e2375aea633de09a82d57e942f4
  languageName: node
  linkType: hard

"is-primitive@npm:^3.0.1":
  version: 3.0.1
  resolution: "is-primitive@npm:3.0.1"
  checksum: 10c0/2e3b6f029fabbdda467ea51ea4fdd00e6552434108b863a08f296638072c506a7c195089e3e31f83e7fc14bebbd1c5c9f872fe127c9284a7665c8227b47ffdd6
  languageName: node
  linkType: hard

"is-stream@npm:^1.1.0":
  version: 1.1.0
  resolution: "is-stream@npm:1.1.0"
  checksum: 10c0/b8ae7971e78d2e8488d15f804229c6eed7ed36a28f8807a1815938771f4adff0e705218b7dab968270433f67103e4fef98062a0beea55d64835f705ee72c7002
  languageName: node
  linkType: hard

"is-wsl@npm:^2.2.0":
  version: 2.2.0
  resolution: "is-wsl@npm:2.2.0"
  dependencies:
    is-docker: "npm:^2.0.0"
  checksum: 10c0/a6fa2d370d21be487c0165c7a440d567274fbba1a817f2f0bfa41cc5e3af25041d84267baa22df66696956038a43973e72fca117918c91431920bdef490fa25e
  languageName: node
  linkType: hard

"isarray@npm:~1.0.0":
  version: 1.0.0
  resolution: "isarray@npm:1.0.0"
  checksum: 10c0/18b5be6669be53425f0b84098732670ed4e727e3af33bc7f948aac01782110eb9a18b3b329c5323bcdd3acdaae547ee077d3951317e7f133bff7105264b3003d
  languageName: node
  linkType: hard

"isexe@npm:^2.0.0":
  version: 2.0.0
  resolution: "isexe@npm:2.0.0"
  checksum: 10c0/228cfa503fadc2c31596ab06ed6aa82c9976eec2bfd83397e7eaf06d0ccf42cd1dfd6743bf9aeb01aebd4156d009994c5f76ea898d2832c1fe342da923ca457d
  languageName: node
  linkType: hard

"isobject@npm:^3.0.1":
  version: 3.0.1
  resolution: "isobject@npm:3.0.1"
  checksum: 10c0/03344f5064a82f099a0cd1a8a407f4c0d20b7b8485e8e816c39f249e9416b06c322e8dec5b842b6bb8a06de0af9cb48e7bc1b5352f0fadc2f0abac033db3d4db
  languageName: node
  linkType: hard

"jsonfile@npm:^6.0.1":
  version: 6.2.0
  resolution: "jsonfile@npm:6.2.0"
  dependencies:
    graceful-fs: "npm:^4.1.6"
    universalify: "npm:^2.0.0"
  dependenciesMeta:
    graceful-fs:
      optional: true
  checksum: 10c0/7f4f43b08d1869ded8a6822213d13ae3b99d651151d77efd1557ced0889c466296a7d9684e397bd126acf5eb2cfcb605808c3e681d0fdccd2fe5a04b47e76c0d
  languageName: node
  linkType: hard

"jszip@npm:^3.10.1":
  version: 3.10.1
  resolution: "jszip@npm:3.10.1"
  dependencies:
    lie: "npm:~3.3.0"
    pako: "npm:~1.0.2"
    readable-stream: "npm:~2.3.6"
    setimmediate: "npm:^1.0.5"
  checksum: 10c0/58e01ec9c4960383fb8b38dd5f67b83ccc1ec215bf74c8a5b32f42b6e5fb79fada5176842a11409c4051b5b94275044851814a31076bf49e1be218d3ef57c863
  languageName: node
  linkType: hard

"lie@npm:~3.3.0":
  version: 3.3.0
  resolution: "lie@npm:3.3.0"
  dependencies:
    immediate: "npm:~3.0.5"
  checksum: 10c0/56dd113091978f82f9dc5081769c6f3b947852ecf9feccaf83e14a123bc630c2301439ce6182521e5fbafbde88e88ac38314327a4e0493a1bea7e0699a7af808
  languageName: node
  linkType: hard

"locate-path@npm:^5.0.0":
  version: 5.0.0
  resolution: "locate-path@npm:5.0.0"
  dependencies:
    p-locate: "npm:^4.1.0"
  checksum: 10c0/33a1c5247e87e022f9713e6213a744557a3e9ec32c5d0b5efb10aa3a38177615bf90221a5592674857039c1a0fd2063b82f285702d37b792d973e9e72ace6c59
  languageName: node
  linkType: hard

"lodash.get@npm:^4.4.2":
  version: 4.4.2
  resolution: "lodash.get@npm:4.4.2"
  checksum: 10c0/48f40d471a1654397ed41685495acb31498d5ed696185ac8973daef424a749ca0c7871bf7b665d5c14f5cc479394479e0307e781f61d5573831769593411be6e
  languageName: node
  linkType: hard

"lodash.uniqby@npm:^4.7.0":
  version: 4.7.0
  resolution: "lodash.uniqby@npm:4.7.0"
  checksum: 10c0/c505c0de20ca759599a2ba38710e8fb95ff2d2028e24d86c901ef2c74be8056518571b9b754bfb75053b2818d30dd02243e4a4621a6940c206bbb3f7626db656
  languageName: node
  linkType: hard

"lodash.values@npm:^4.3.0":
  version: 4.3.0
  resolution: "lodash.values@npm:4.3.0"
  checksum: 10c0/f56b3da5bd3aa0006ad544c8e2e890a35b5aefcb6e3528a4c4f191f091b9edea632dd461de79ee121b5b61881cd96b7f911a309dc04f53af0e927d6a599cf1ee
  languageName: node
  linkType: hard

"log@npm:^6.0.0":
  version: 6.3.2
  resolution: "log@npm:6.3.2"
  dependencies:
    d: "npm:^1.0.2"
    duration: "npm:^0.2.2"
    es5-ext: "npm:^0.10.64"
    event-emitter: "npm:^0.3.5"
    sprintf-kit: "npm:^2.0.2"
    type: "npm:^2.7.3"
    uni-global: "npm:^1.0.0"
  checksum: 10c0/bfe675edfb4ce04afa927b6117856be41174be3fd1f532b72a7b37f668187de15a35517ab54021afc85853f401e44c1bc5b51024645d18fe972cf2d6d787a494
  languageName: node
  linkType: hard

"minimatch@npm:^3.1.1":
  version: 3.1.5
  resolution: "minimatch@npm:3.1.5"
  dependencies:
    brace-expansion: "npm:^1.1.7"
  checksum: 10c0/2ecbdc0d33f07bddb0315a8b5afbcb761307a8778b48f0b312418ccbced99f104a2d17d8aca7573433c70e8ccd1c56823a441897a45e384ea76ef401a26ace70
  languageName: node
  linkType: hard

"next-tick@npm:^1.1.0":
  version: 1.1.0
  resolution: "next-tick@npm:1.1.0"
  checksum: 10c0/3ba80dd805fcb336b4f52e010992f3e6175869c8d88bf4ff0a81d5d66e6049f89993463b28211613e58a6b7fe93ff5ccbba0da18d4fa574b96289e8f0b577f28
  languageName: node
  linkType: hard

"nice-try@npm:^1.0.4":
  version: 1.0.5
  resolution: "nice-try@npm:1.0.5"
  checksum: 10c0/95568c1b73e1d0d4069a3e3061a2102d854513d37bcfda73300015b7ba4868d3b27c198d1dbbd8ebdef4112fc2ed9e895d4a0f2e1cce0bd334f2a1346dc9205f
  languageName: node
  linkType: hard

"node-fetch@npm:^2.6.1":
  version: 2.7.0
  resolution: "node-fetch@npm:2.7.0"
  dependencies:
    whatwg-url: "npm:^5.0.0"
  peerDependencies:
    encoding: ^0.1.0
  peerDependenciesMeta:
    encoding:
      optional: true
  checksum: 10c0/b55786b6028208e6fbe594ccccc213cab67a72899c9234eb59dba51062a299ea853210fcf526998eaa2867b0963ad72338824450905679ff0fa304b8c5093ae8
  languageName: node
  linkType: hard

"once@npm:^1.3.0":
  version: 1.4.0
  resolution: "once@npm:1.4.0"
  dependencies:
    wrappy: "npm:1"
  checksum: 10c0/5d48aca287dfefabd756621c5dfce5c91a549a93e9fdb7b8246bc4c4790aa2ec17b34a260530474635147aeb631a2dcc8b32c613df0675f96041cbb8244517d0
  languageName: node
  linkType: hard

"p-limit@npm:^2.2.0":
  version: 2.3.0
  resolution: "p-limit@npm:2.3.0"
  dependencies:
    p-try: "npm:^2.0.0"
  checksum: 10c0/8da01ac53efe6a627080fafc127c873da40c18d87b3f5d5492d465bb85ec7207e153948df6b9cbaeb130be70152f874229b8242ee2be84c0794082510af97f12
  languageName: node
  linkType: hard

"p-locate@npm:^4.1.0":
  version: 4.1.0
  resolution: "p-locate@npm:4.1.0"
  dependencies:
    p-limit: "npm:^2.2.0"
  checksum: 10c0/1b476ad69ad7f6059744f343b26d51ce091508935c1dbb80c4e0a2f397ffce0ca3a1f9f5cd3c7ce19d7929a09719d5c65fe70d8ee289c3f267cd36f2881813e9
  languageName: node
  linkType: hard

"p-try@npm:^2.0.0":
  version: 2.2.0
  resolution: "p-try@npm:2.2.0"
  checksum: 10c0/c36c19907734c904b16994e6535b02c36c2224d433e01a2f1ab777237f4d86e6289fd5fd464850491e940379d4606ed850c03e0f9ab600b0ebddb511312e177f
  languageName: node
  linkType: hard

"pako@npm:~1.0.2":
  version: 1.0.11
  resolution: "pako@npm:1.0.11"
  checksum: 10c0/86dd99d8b34c3930345b8bbeb5e1cd8a05f608eeb40967b293f72fe469d0e9c88b783a8777e4cc7dc7c91ce54c5e93d88ff4b4f060e6ff18408fd21030d9ffbe
  languageName: node
  linkType: hard

"path-exists@npm:^4.0.0":
  version: 4.0.0
  resolution: "path-exists@npm:4.0.0"
  checksum: 10c0/8c0bd3f5238188197dc78dced15207a4716c51cc4e3624c44fc97acf69558f5ebb9a2afff486fe1b4ee148e0c133e96c5e11a9aa5c48a3006e3467da070e5e1b
  languageName: node
  linkType: hard

"path-is-absolute@npm:^1.0.0":
  version: 1.0.1
  resolution: "path-is-absolute@npm:1.0.1"
  checksum: 10c0/127da03c82172a2a50099cddbf02510c1791fc2cc5f7713ddb613a56838db1e8168b121a920079d052e0936c23005562059756d653b7c544c53185efe53be078
  languageName: node
  linkType: hard

"path-key@npm:^2.0.1":
  version: 2.0.1
  resolution: "path-key@npm:2.0.1"
  checksum: 10c0/dd2044f029a8e58ac31d2bf34c34b93c3095c1481942960e84dd2faa95bbb71b9b762a106aead0646695330936414b31ca0bd862bf488a937ad17c8c5d73b32b
  languageName: node
  linkType: hard

"process-nextick-args@npm:~2.0.0":
  version: 2.0.1
  resolution: "process-nextick-args@npm:2.0.1"
  checksum: 10c0/bec089239487833d46b59d80327a1605e1c5287eaad770a291add7f45fda1bb5e28b38e0e061add0a1d0ee0984788ce74fa394d345eed1c420cacf392c554367
  languageName: node
  linkType: hard

"readable-stream@npm:^3.0.0":
  version: 3.6.2
  resolution: "readable-stream@npm:3.6.2"
  dependencies:
    inherits: "npm:^2.0.3"
    string_decoder: "npm:^1.1.1"
    util-deprecate: "npm:^1.0.1"
  checksum: 10c0/e37be5c79c376fdd088a45fa31ea2e423e5d48854be7a22a58869b4e84d25047b193f6acb54f1012331e1bcd667ffb569c01b99d36b0bd59658fb33f513511b7
  languageName: node
  linkType: hard

"readable-stream@npm:~2.3.6":
  version: 2.3.8
  resolution: "readable-stream@npm:2.3.8"
  dependencies:
    core-util-is: "npm:~1.0.0"
    inherits: "npm:~2.0.3"
    isarray: "npm:~1.0.0"
    process-nextick-args: "npm:~2.0.0"
    safe-buffer: "npm:~5.1.1"
    string_decoder: "npm:~1.1.1"
    util-deprecate: "npm:~1.0.1"
  checksum: 10c0/7efdb01f3853bc35ac62ea25493567bf588773213f5f4a79f9c365e1ad13bab845ac0dae7bc946270dc40c3929483228415e92a3fc600cc7e4548992f41ee3fa
  languageName: node
  linkType: hard

"require-directory@npm:^2.1.1":
  version: 2.1.1
  resolution: "require-directory@npm:2.1.1"
  checksum: 10c0/83aa76a7bc1531f68d92c75a2ca2f54f1b01463cb566cf3fbc787d0de8be30c9dbc211d1d46be3497dac5785fe296f2dd11d531945ac29730643357978966e99
  languageName: node
  linkType: hard

"require-main-filename@npm:^2.0.0":
  version: 2.0.0
  resolution: "require-main-filename@npm:2.0.0"
  checksum: 10c0/db91467d9ead311b4111cbd73a4e67fa7820daed2989a32f7023785a2659008c6d119752d9c4ac011ae07e537eb86523adff99804c5fdb39cd3a017f9b401bb6
  languageName: node
  linkType: hard

"rimraf@npm:^3.0.2":
  version: 3.0.2
  resolution: "rimraf@npm:3.0.2"
  dependencies:
    glob: "npm:^7.1.3"
  bin:
    rimraf: bin.js
  checksum: 10c0/9cb7757acb489bd83757ba1a274ab545eafd75598a9d817e0c3f8b164238dd90eba50d6b848bd4dcc5f3040912e882dc7ba71653e35af660d77b25c381d402e8
  languageName: node
  linkType: hard

"root-workspace-0b6124@workspace:.":
  version: 0.0.0-use.local
  resolution: "root-workspace-0b6124@workspace:."
  dependencies:
    serverless-plugin-datadog: "npm:^2.34.1"
    serverless-python-requirements: "npm:^6.1.2"
  languageName: unknown
  linkType: soft

"safe-buffer@npm:~5.1.0, safe-buffer@npm:~5.1.1":
  version: 5.1.2
  resolution: "safe-buffer@npm:5.1.2"
  checksum: 10c0/780ba6b5d99cc9a40f7b951d47152297d0e260f0df01472a1b99d4889679a4b94a13d644f7dbc4f022572f09ae9005fa2fbb93bbbd83643316f365a3e9a45b21
  languageName: node
  linkType: hard

"safe-buffer@npm:~5.2.0":
  version: 5.2.1
  resolution: "safe-buffer@npm:5.2.1"
  checksum: 10c0/6501914237c0a86e9675d4e51d89ca3c21ffd6a31642efeba25ad65720bce6921c9e7e974e5be91a786b25aa058b5303285d3c15dbabf983a919f5f630d349f3
  languageName: node
  linkType: hard

"semver@npm:^5.5.0":
  version: 5.7.2
  resolution: "semver@npm:5.7.2"
  bin:
    semver: bin/semver
  checksum: 10c0/e4cf10f86f168db772ae95d86ba65b3fd6c5967c94d97c708ccb463b778c2ee53b914cd7167620950fc07faf5a564e6efe903836639e512a1aa15fbc9667fa25
  languageName: node
  linkType: hard

"semver@npm:^7.6.0":
  version: 7.7.4
  resolution: "semver@npm:7.7.4"
  bin:
    semver: bin/semver.js
  checksum: 10c0/5215ad0234e2845d4ea5bb9d836d42b03499546ddafb12075566899fc617f68794bb6f146076b6881d755de17d6c6cc73372555879ec7dce2c2feee947866ad2
  languageName: node
  linkType: hard

"serverless-plugin-datadog@npm:^2.34.1":
  version: 2.34.1
  resolution: "serverless-plugin-datadog@npm:2.34.1"
  dependencies:
    node-fetch: "npm:^2.6.1"
  checksum: 10c0/b07d0bdb75d27934b1c157d8e09e79f2225ea5490a78c7316b7149a881f756ae4e2cff959526d6fc7029a6c89aa05d0f7686a6111b226e931fbc2c384f970217
  languageName: node
  linkType: hard

"serverless-python-requirements@npm:^6.1.2":
  version: 6.1.2
  resolution: "serverless-python-requirements@npm:6.1.2"
  dependencies:
    "@iarna/toml": "npm:^2.2.5"
    appdirectory: "npm:^0.1.0"
    bluebird: "npm:^3.7.2"
    child-process-ext: "npm:^2.1.1"
    fs-extra: "npm:^10.1.0"
    glob-all: "npm:^3.3.1"
    is-wsl: "npm:^2.2.0"
    jszip: "npm:^3.10.1"
    lodash.get: "npm:^4.4.2"
    lodash.uniqby: "npm:^4.7.0"
    lodash.values: "npm:^4.3.0"
    rimraf: "npm:^3.0.2"
    semver: "npm:^7.6.0"
    set-value: "npm:^4.1.0"
    sha256-file: "npm:1.0.0"
    shell-quote: "npm:^1.8.1"
  checksum: 10c0/ea2b756053f589896a2063d028946969b720f4305cc33efe2479a972fc0a3ced3050a41d21613881bbed55babd0593e8ac25402d29c11b76e14108bb7b84b528
  languageName: node
  linkType: hard

"set-blocking@npm:^2.0.0":
  version: 2.0.0
  resolution: "set-blocking@npm:2.0.0"
  checksum: 10c0/9f8c1b2d800800d0b589de1477c753492de5c1548d4ade52f57f1d1f5e04af5481554d75ce5e5c43d4004b80a3eb714398d6907027dc0534177b7539119f4454
  languageName: node
  linkType: hard

"set-value@npm:^4.1.0":
  version: 4.1.0
  resolution: "set-value@npm:4.1.0"
  dependencies:
    is-plain-object: "npm:^2.0.4"
    is-primitive: "npm:^3.0.1"
  checksum: 10c0/dc186676b6cc0cfcf1656b8acdfe7a68591f0645dd2872250100817fb53e5e9298dc1727a95605ac03f82110e9b3820c90a0a02d84e0fb89f210922b08b37e02
  languageName: node
  linkType: hard

"setimmediate@npm:^1.0.5":
  version: 1.0.5
  resolution: "setimmediate@npm:1.0.5"
  checksum: 10c0/5bae81bfdbfbd0ce992893286d49c9693c82b1bcc00dcaaf3a09c8f428fdeacf4190c013598b81875dfac2b08a572422db7df779a99332d0fce186d15a3e4d49
  languageName: node
  linkType: hard

"sha256-file@npm:1.0.0":
  version: 1.0.0
  resolution: "sha256-file@npm:1.0.0"
  checksum: 10c0/336640e143f368292f80a564697212ba85750b53fc7d8d27b228abfb6b0be3dee648117710cf4bb093eb4ddac1404f3c82b968fda123760bd66684022c506bd4
  languageName: node
  linkType: hard

"shebang-command@npm:^1.2.0":
  version: 1.2.0
  resolution: "shebang-command@npm:1.2.0"
  dependencies:
    shebang-regex: "npm:^1.0.0"
  checksum: 10c0/7b20dbf04112c456b7fc258622dafd566553184ac9b6938dd30b943b065b21dabd3776460df534cc02480db5e1b6aec44700d985153a3da46e7db7f9bd21326d
  languageName: node
  linkType: hard

"shebang-regex@npm:^1.0.0":
  version: 1.0.0
  resolution: "shebang-regex@npm:1.0.0"
  checksum: 10c0/9abc45dee35f554ae9453098a13fdc2f1730e525a5eb33c51f096cc31f6f10a4b38074c1ebf354ae7bffa7229506083844008dfc3bb7818228568c0b2dc1fff2
  languageName: node
  linkType: hard

"shell-quote@npm:^1.8.1":
  version: 1.8.3
  resolution: "shell-quote@npm:1.8.3"
  checksum: 10c0/bee87c34e1e986cfb4c30846b8e6327d18874f10b535699866f368ade11ea4ee45433d97bf5eada22c4320c27df79c3a6a7eb1bf3ecfc47f2c997d9e5e2672fd
  languageName: node
  linkType: hard

"split2@npm:^3.1.1":
  version: 3.2.2
  resolution: "split2@npm:3.2.2"
  dependencies:
    readable-stream: "npm:^3.0.0"
  checksum: 10c0/2dad5603c52b353939befa3e2f108f6e3aff42b204ad0f5f16dd12fd7c2beab48d117184ce6f7c8854f9ee5ffec6faae70d243711dd7d143a9f635b4a285de4e
  languageName: node
  linkType: hard

"sprintf-kit@npm:^2.0.2":
  version: 2.0.2
  resolution: "sprintf-kit@npm:2.0.2"
  dependencies:
    es5-ext: "npm:^0.10.64"
  checksum: 10c0/357df864807af1d9c441d7e2c458c2e846513ae9124b782fc90a7ab8a73e9e18abf279d8e0f3d55f8bf94ef0f9eaab1522c521de9d817bc7e2d024f816a0b7c9
  languageName: node
  linkType: hard

"stream-promise@npm:^3.2.0":
  version: 3.2.0
  resolution: "stream-promise@npm:3.2.0"
  dependencies:
    2-thenable: "npm:^1.0.0"
    es5-ext: "npm:^0.10.49"
    is-stream: "npm:^1.1.0"
  checksum: 10c0/0f5d27b647846e56df4f947ad0e8c2a8ea7841c763f85f5ba44a9e4f1afbfe74f71f877c2da911e2af8cd7306bcb94263b49b6d8a58d3a8e3f57db14273c651a
  languageName: node
  linkType: hard

"string-width@npm:^4.1.0, string-width@npm:^4.2.0":
  version: 4.2.3
  resolution: "string-width@npm:4.2.3"
  dependencies:
    emoji-regex: "npm:^8.0.0"
    is-fullwidth-code-point: "npm:^3.0.0"
    strip-ansi: "npm:^6.0.1"
  checksum: 10c0/1e525e92e5eae0afd7454086eed9c818ee84374bb80328fc41217ae72ff5f065ef1c9d7f72da41de40c75fa8bb3dee63d92373fd492c84260a552c636392a47b
  languageName: node
  linkType: hard

"string_decoder@npm:^1.1.1":
  version: 1.3.0
  resolution: "string_decoder@npm:1.3.0"
  dependencies:
    safe-buffer: "npm:~5.2.0"
  checksum: 10c0/810614ddb030e271cd591935dcd5956b2410dd079d64ff92a1844d6b7588bf992b3e1b69b0f4d34a3e06e0bd73046ac646b5264c1987b20d0601f81ef35d731d
  languageName: node
  linkType: hard

"string_decoder@npm:~1.1.1":
  version: 1.1.1
  resolution: "string_decoder@npm:1.1.1"
  dependencies:
    safe-buffer: "npm:~5.1.0"
  checksum: 10c0/b4f89f3a92fd101b5653ca3c99550e07bdf9e13b35037e9e2a1c7b47cec4e55e06ff3fc468e314a0b5e80bfbaf65c1ca5a84978764884ae9413bec1fc6ca924e
  languageName: node
  linkType: hard

"strip-ansi@npm:^6.0.0, strip-ansi@npm:^6.0.1":
  version: 6.0.1
  resolution: "strip-ansi@npm:6.0.1"
  dependencies:
    ansi-regex: "npm:^5.0.1"
  checksum: 10c0/1ae5f212a126fe5b167707f716942490e3933085a5ff6c008ab97ab2f272c8025d3aa218b7bd6ab25729ca20cc81cddb252102f8751e13482a5199e873680952
  languageName: node
  linkType: hard

"tr46@npm:~0.0.3":
  version: 0.0.3
  resolution: "tr46@npm:0.0.3"
  checksum: 10c0/047cb209a6b60c742f05c9d3ace8fa510bff609995c129a37ace03476a9b12db4dbf975e74600830ef0796e18882b2381fb5fb1f6b4f96b832c374de3ab91a11
  languageName: node
  linkType: hard

"type@npm:^2.5.0, type@npm:^2.7.2, type@npm:^2.7.3":
  version: 2.7.3
  resolution: "type@npm:2.7.3"
  checksum: 10c0/dec6902c2c42fcb86e3adf8cdabdf80e5ef9de280872b5fd547351e9cca2fe58dd2aa6d2547626ddff174145db272f62d95c7aa7038e27c11315657d781a688d
  languageName: node
  linkType: hard

"uni-global@npm:^1.0.0":
  version: 1.0.0
  resolution: "uni-global@npm:1.0.0"
  dependencies:
    type: "npm:^2.5.0"
  checksum: 10c0/8a2545e8fc1638a076c7e55ed66bdbea87083c612f3791254b1fb51dc3cf6b1521a844550224757ff6ad7e18adb691316d18e44c2116703fb7480d63180eefc5
  languageName: node
  linkType: hard

"universalify@npm:^2.0.0":
  version: 2.0.1
  resolution: "universalify@npm:2.0.1"
  checksum: 10c0/73e8ee3809041ca8b818efb141801a1004e3fc0002727f1531f4de613ea281b494a40909596dae4a042a4fb6cd385af5d4db2e137b1362e0e91384b828effd3a
  languageName: node
  linkType: hard

"util-deprecate@npm:^1.0.1, util-deprecate@npm:~1.0.1":
  version: 1.0.2
  resolution: "util-deprecate@npm:1.0.2"
  checksum: 10c0/41a5bdd214df2f6c3ecf8622745e4a366c4adced864bc3c833739791aeeeb1838119af7daed4ba36428114b5c67dcda034a79c882e97e43c03e66a4dd7389942
  languageName: node
  linkType: hard

"webidl-conversions@npm:^3.0.0":
  version: 3.0.1
  resolution: "webidl-conversions@npm:3.0.1"
  checksum: 10c0/5612d5f3e54760a797052eb4927f0ddc01383550f542ccd33d5238cfd65aeed392a45ad38364970d0a0f4fea32e1f4d231b3d8dac4a3bdd385e5cf802ae097db
  languageName: node
  linkType: hard

"whatwg-url@npm:^5.0.0":
  version: 5.0.0
  resolution: "whatwg-url@npm:5.0.0"
  dependencies:
    tr46: "npm:~0.0.3"
    webidl-conversions: "npm:^3.0.0"
  checksum: 10c0/1588bed84d10b72d5eec1d0faa0722ba1962f1821e7539c535558fb5398d223b0c50d8acab950b8c488b4ba69043fd833cc2697056b167d8ad46fac3995a55d5
  languageName: node
  linkType: hard

"which-module@npm:^2.0.0":
  version: 2.0.1
  resolution: "which-module@npm:2.0.1"
  checksum: 10c0/087038e7992649eaffa6c7a4f3158d5b53b14cf5b6c1f0e043dccfacb1ba179d12f17545d5b85ebd94a42ce280a6fe65d0cbcab70f4fc6daad1dfae85e0e6a3e
  languageName: node
  linkType: hard

"which@npm:^1.2.9":
  version: 1.3.1
  resolution: "which@npm:1.3.1"
  dependencies:
    isexe: "npm:^2.0.0"
  bin:
    which: ./bin/which
  checksum: 10c0/e945a8b6bbf6821aaaef7f6e0c309d4b615ef35699576d5489b4261da9539f70393c6b2ce700ee4321c18f914ebe5644bc4631b15466ffbaad37d83151f6af59
  languageName: node
  linkType: hard

"wrap-ansi@npm:^6.2.0":
  version: 6.2.0
  resolution: "wrap-ansi@npm:6.2.0"
  dependencies:
    ansi-styles: "npm:^4.0.0"
    string-width: "npm:^4.1.0"
    strip-ansi: "npm:^6.0.0"
  checksum: 10c0/baad244e6e33335ea24e86e51868fe6823626e3a3c88d9a6674642afff1d34d9a154c917e74af8d845fd25d170c4ea9cf69a47133c3f3656e1252b3d462d9f6c
  languageName: node
  linkType: hard

"wrappy@npm:1":
  version: 1.0.2
  resolution: "wrappy@npm:1.0.2"
  checksum: 10c0/56fece1a4018c6a6c8e28fbc88c87e0fbf4ea8fd64fc6c63b18f4acc4bd13e0ad2515189786dd2c30d3eec9663d70f4ecf699330002f8ccb547e4a18231fc9f0
  languageName: node
  linkType: hard

"y18n@npm:^4.0.0":
  version: 4.0.3
  resolution: "y18n@npm:4.0.3"
  checksum: 10c0/308a2efd7cc296ab2c0f3b9284fd4827be01cfeb647b3ba18230e3a416eb1bc887ac050de9f8c4fd9e7856b2e8246e05d190b53c96c5ad8d8cb56dffb6f81024
  languageName: node
  linkType: hard

"yargs-parser@npm:^18.1.2":
  version: 18.1.3
  resolution: "yargs-parser@npm:18.1.3"
  dependencies:
    camelcase: "npm:^5.0.0"
    decamelize: "npm:^1.2.0"
  checksum: 10c0/25df918833592a83f52e7e4f91ba7d7bfaa2b891ebf7fe901923c2ee797534f23a176913ff6ff7ebbc1cc1725a044cc6a6539fed8bfd4e13b5b16376875f9499
  languageName: node
  linkType: hard

"yargs@npm:^15.3.1":
  version: 15.4.1
  resolution: "yargs@npm:15.4.1"
  dependencies:
    cliui: "npm:^6.0.0"
    decamelize: "npm:^1.2.0"
    find-up: "npm:^4.1.0"
    get-caller-file: "npm:^2.0.1"
    require-directory: "npm:^2.1.1"
    require-main-filename: "npm:^2.0.0"
    set-blocking: "npm:^2.0.0"
    string-width: "npm:^4.2.0"
    which-module: "npm:^2.0.0"
    y18n: "npm:^4.0.0"
    yargs-parser: "npm:^18.1.2"
  checksum: 10c0/f1ca680c974333a5822732825cca7e95306c5a1e7750eb7b973ce6dc4f97a6b0a8837203c8b194f461969bfe1fb1176d1d423036635285f6010b392fa498ab2d
  languageName: node
  linkType: hard
