# THIS IS AN AUTOGENERATED FILE. DO NOT EDIT THIS FILE DIRECTLY.
# yarn lockfile v1


serverless-plugin-datadog@^2.2.0:
  version "2.2.0"
  resolved "https://registry.yarnpkg.com/serverless-plugin-datadog/-/serverless-plugin-datadog-2.2.0.tgz#d1c9d0e28dc9378f29f07b9b5ad1463076125ffa"
  integrity sha512-/StW6tuIE2t4cgyz1OADmXemszwDgJzWDCea+4Z5FsJlxg/9T9KB3x2VOjbwf6CpP9Qr9xnK6bQPPDOpKHqWfQ==
